<?xml version="1.0" encoding="utf-8"?>
<Project ToolsVersion="4.0" xmlns="http://schemas.microsoft.com/developer/msbuild/2003">
  <ItemGroup>
    <Filter Include="Source Files">
      <UniqueIdentifier>{4FC737F1-C7A5-4376-A066-2A32D752A2FF}</UniqueIdentifier>
      <Extensions>cpp;c;cc;cxx;def;odl;idl;hpj;bat;asm;asmx</Extensions>
    </Filter>
    <Filter Include="Header Files">
      <UniqueIdentifier>{93995380-89BD-4b04-88EB-625FBE52EBFB}</UniqueIdentifier>
      <Extensions>h;hh;hpp;hxx;hm;inl;inc;xsd</Extensions>
    </Filter>
    <Filter Include="Resource Files">
      <UniqueIdentifier>{67DA6AB6-F800-4c08-8B7A-83BB121AAD01}</UniqueIdentifier>
      <Extensions>rc;ico;cur;bmp;dlg;rc2;rct;bin;rgs;gif;jpg;jpeg;jpe;resx;tiff;tif;png;wav</Extensions>
    </Filter>
  </ItemGroup>
  <ItemGroup>
    <ClCompile Include="entities\Acolyte.cpp">
      <Filter>Source Files</Filter>
    </ClCompile>
    <ClCompile Include="entities\BaseCharacter.cpp">
      <Filter>Source Files</Filter>
    </ClCompile>
    <ClCompile Include="entities\Placeholder.cpp">
      <Filter>Source Files</Filter>
    </ClCompile>
    <ClCompile Include="game\ConsoleSRPG.cpp">
      <Filter>Source Files</Filter>
    </ClCompile>
    <ClCompile Include="game\GameLoop.cpp">
      <Filter>Source Files</Filter>
    </ClCompile>
    <ClCompile Include="generators\CharacterGenerator.cpp">
      <Filter>Source Files</Filter>
    </ClCompile>
    <ClCompile Include="generators\EnemyGenerator.cpp">
      <Filter>Source Files</Filter>
    </ClCompile>
    <ClCompile Include="generators\MapGenerator.cpp">
      <Filter>Source Files</Filter>
    </ClCompile>
    <ClCompile Include="geography\Map.cpp">
      <Filter>Source Files</Filter>
    </ClCompile>
    <ClCompile Include="geography\MapSquare.cpp">
      <Filter>Source Files</Filter>
    </ClCompile>
    <ClCompile Include="levels\TestFiveXFive.cpp">
      <Filter>Source Files</Filter>
    </ClCompile>
    <ClCompile Include="loot\Item.cpp">
      <Filter>Source Files</Filter>
    </ClCompile>
    <ClCompile Include="player\Player.cpp">
      <Filter>Source Files</Filter>
    </ClCompile>
  </ItemGroup>
  <ItemGroup>
    <ClInclude Include="entities\Acolyte.h">
      <Filter>Header Files</Filter>
    </ClInclude>
    <ClInclude Include="entities\Alchemist.h">
      <Filter>Header Files</Filter>
    </ClInclude>
    <ClInclude Include="entities\Anchorite.h">
      <Filter>Header Files</Filter>
    </ClInclude>
    <ClInclude Include="entities\Astrologer.h">
      <Filter>Header Files</Filter>
    </ClInclude>
    <ClInclude Include="entities\BaseCharacter.h">
      <Filter>Header Files</Filter>
    </ClInclude>
    <ClInclude Include="entities\Blacksmith.h">
      <Filter>Header Files</Filter>
    </ClInclude>
    <ClInclude Include="entities\Botanist.h">
      <Filter>Header Files</Filter>
    </ClInclude>
    <ClInclude Include="entities\Conjurer.h">
      <Filter>Header Files</Filter>
    </ClInclude>
    <ClInclude Include="entities\Disciple.h">
      <Filter>Header Files</Filter>
    </ClInclude>
    <ClInclude Include="entities\EClasses.h">
      <Filter>Header Files</Filter>
    </ClInclude>
    <ClInclude Include="entities\Enchanter.h">
      <Filter>Header Files</Filter>
    </ClInclude>
    <ClInclude Include="entities\GenericClass.h">
      <Filter>Header Files</Filter>
    </ClInclude>
    <ClInclude Include="entities\Miner.h">
      <Filter>Header Files</Filter>
    </ClInclude>
    <ClInclude Include="entities\Painter.h">
      <Filter>Header Files</Filter>
    </ClInclude>
    <ClInclude Include="entities\Piercer.h">
      <Filter>Header Files</Filter>
    </ClInclude>
    <ClInclude Include="entities\Placeholder.h">
      <Filter>Header Files</Filter>
    </ClInclude>
    <ClInclude Include="entities\Ruffian.h">
      <Filter>Header Files</Filter>
    </ClInclude>
    <ClInclude Include="entities\Shaman.h">
      <Filter>Header Files</Filter>
    </ClInclude>
    <ClInclude Include="entities\Squire.h">
      <Filter>Header Files</Filter>
    </ClInclude>
    <ClInclude Include="entities\Survivor.h">
      <Filter>Header Files</Filter>
    </ClInclude>
    <ClInclude Include="entities\Upholder.h">
      <Filter>Header Files</Filter>
    </ClInclude>
    <ClInclude Include="entities\Yeoman.h">
      <Filter>Header Files</Filter>
    </ClInclude>
    <ClInclude Include="game\GameLoop.h">
      <Filter>Header Files</Filter>
    </ClInclude>
    <ClInclude Include="generators\CharacterGenerator.h">
      <Filter>Header Files</Filter>
    </ClInclude>
    <ClInclude Include="generators\EnemyGenerator.h">
      <Filter>Header Files</Filter>
    </ClInclude>
    <ClInclude Include="generators\MapGenerator.h">
      <Filter>Header Files</Filter>
    </ClInclude>
    <ClInclude Include="geography\Map.h">
      <Filter>Header Files</Filter>
    </ClInclude>
    <ClInclude Include="geography\MapSquare.h">
      <Filter>Header Files</Filter>
    </ClInclude>
    <ClInclude Include="levels\TestFiveXFive.h">
      <Filter>Header Files</Filter>
    </ClInclude>
    <ClInclude Include="loot\Accessory.h">
      <Filter>Header Files</Filter>
    </ClInclude>
    <ClInclude Include="loot\Alembic.h">
      <Filter>Header Files</Filter>
    </ClInclude>
    <ClInclude Include="loot\Armor.h">
      <Filter>Header Files</Filter>
    </ClInclude>
    <ClInclude Include="loot\Axe.h">
      <Filter>Header Files</Filter>
    </ClInclude>
    <ClInclude Include="loot\Bow.h">
      <Filter>Header Files</Filter>
    </ClInclude>
    <ClInclude Include="loot\Brush.h">
      <Filter>Header Files</Filter>
    </ClInclude>
    <ClInclude Include="loot\Chapter.h">
      <Filter>Header Files</Filter>
    </ClInclude>
    <ClInclude Include="loot\Consumable.h">
      <Filter>Header Files</Filter>
    </ClInclude>
    <ClInclude Include="loot\Dye.h">
      <Filter>Header Files</Filter>
    </ClInclude>
    <ClInclude Include="loot\EMagic.h">
      <Filter>Header Files</Filter>
    </ClInclude>
    <ClInclude Include="loot\Equipment.h">
      <Filter>Header Files</Filter>
    </ClInclude>
    <ClInclude Include="loot\EWeapons.h">
      <Filter>Header Files</Filter>
    </ClInclude>
    <ClInclude Include="loot\Fist.h">
      <Filter>Header Files</Filter>
    </ClInclude>
    <ClInclude Include="loot\Flower.h">
      <Filter>Header Files</Filter>
    </ClInclude>
    <ClInclude Include="loot\Focus.h">
      <Filter>Header Files</Filter>
    </ClInclude>
    <ClInclude Include="loot\Gem.h">
      <Filter>Header Files</Filter>
    </ClInclude>
    <ClInclude Include="loot\Gloves.h">
      <Filter>Header Files</Filter>
    </ClInclude>
    <ClInclude Include="loot\Gun.h">
      <Filter>Header Files</Filter>
    </ClInclude>
    <ClInclude Include="loot\Hammer.h">
      <Filter>Header Files</Filter>
    </ClInclude>
    <ClInclude Include="loot\Helmet.h">
      <Filter>Header Files</Filter>
    </ClInclude>
    <ClInclude Include="loot\Herb.h">
      <Filter>Header Files</Filter>
    </ClInclude>
    <ClInclude Include="loot\Ingot.h">
      <Filter>Header Files</Filter>
    </ClInclude>
    <ClInclude Include="loot\Item.h">
      <Filter>Header Files</Filter>
    </ClInclude>
    <ClInclude Include="loot\Material.h">
      <Filter>Header Files</Filter>
    </ClInclude>
    <ClInclude Include="loot\Ore.h">
      <Filter>Header Files</Filter>
    </ClInclude>
    <ClInclude Include="loot\Pickaxe.h">
      <Filter>Header Files</Filter>
    </ClInclude>
    <ClInclude Include="loot\Reagent.h">
      <Filter>Header Files</Filter>
    </ClInclude>
    <ClInclude Include="loot\Shield.h">
      <Filter>Header Files</Filter>
    </ClInclude>
    <ClInclude Include="loot\Sickle.h">
      <Filter>Header Files</Filter>
    </ClInclude>
    <ClInclude Include="loot\Spear.h">
      <Filter>Header Files</Filter>
    </ClInclude>
    <ClInclude Include="loot\Staff.h">
      <Filter>Header Files</Filter>
    </ClInclude>
    <ClInclude Include="loot\Sword.h">
      <Filter>Header Files</Filter>
    </ClInclude>
    <ClInclude Include="loot\Weapon.h">
      <Filter>Header Files</Filter>
    </ClInclude>
    <ClInclude Include="player\Player.h">
      <Filter>Header Files</Filter>
    </ClInclude>
  </ItemGroup>
</Project>